
Microsoft Visual Studio Solution File, Format Version 12.00
# Visual Studio 14
VisualStudioVersion = 14.0.25420.1
MinimumVisualStudioVersion = 10.0.40219.1
Project("{FAE04EC0-301F-11D3-BF4B-00C04F79EFBC}") = "DevExpress.Tutorials.v16.1", "DevExpress.Tutorials.v16.1\DevExpress.Tutorials.v16.1.csproj", "{92B72214-9862-487D-8ADF-F454C5AABCB4}"
EndProject
Project("{FAE04EC0-301F-11D3-BF4B-00C04F79EFBC}") = "PrintingMainDemo", "PrintingMainDemo\PrintingMainDemo.csproj", "{57CA49CF-64B4-496C-B375-0F1E97C63B74}"
EndProject
Project("{FAE04EC0-301F-11D3-BF4B-00C04F79EFBC}") = "StudyForm", "StudyForm\StudyForm.csproj", "{48745F56-5BA0-41C3-8509-37D0329DB581}"
EndProject
Global
	GlobalSection(SolutionConfigurationPlatforms) = preSolution
		Debug|Any CPU = Debug|Any CPU
		Debug|x86 = Debug|x86
		Release|Any CPU = Release|Any CPU
		Release|x86 = Release|x86
	EndGlobalSection
	GlobalSection(ProjectConfigurationPlatforms) = postSolution
		{92B72214-9862-487D-8ADF-F454C5AABCB4}.Debug|Any CPU.ActiveCfg = Debug|Any CPU
		{92B72214-9862-487D-8ADF-F454C5AABCB4}.Debug|Any CPU.Build.0 = Debug|Any CPU
		{92B72214-9862-487D-8ADF-F454C5AABCB4}.Debug|x86.ActiveCfg = Debug|x86
		{92B72214-9862-487D-8ADF-F454C5AABCB4}.Debug|x86.Build.0 = Debug|x86
		{92B72214-9862-487D-8ADF-F454C5AABCB4}.Release|Any CPU.ActiveCfg = Release|x86
		{92B72214-9862-487D-8ADF-F454C5AABCB4}.Release|x86.ActiveCfg = Release|x86
		{92B72214-9862-487D-8ADF-F454C5AABCB4}.Release|x86.Build.0 = Release|x86
		{57CA49CF-64B4-496C-B375-0F1E97C63B74}.Debug|Any CPU.ActiveCfg = Debug|Any CPU
		{57CA49CF-64B4-496C-B375-0F1E97C63B74}.Debug|Any CPU.Build.0 = Debug|Any CPU
		{57CA49CF-64B4-496C-B375-0F1E97C63B74}.Debug|x86.ActiveCfg = Debug|Any CPU
		{57CA49CF-64B4-496C-B375-0F1E97C63B74}.Debug|x86.Build.0 = Debug|Any CPU
		{57CA49CF-64B4-496C-B375-0F1E97C63B74}.Release|Any CPU.ActiveCfg = Release|Any CPU
		{57CA49CF-64B4-496C-B375-0F1E97C63B74}.Release|Any CPU.Build.0 = Release|Any CPU
		{57CA49CF-64B4-496C-B375-0F1E97C63B74}.Release|x86.ActiveCfg = Release|Any CPU
		{57CA49CF-64B4-496C-B375-0F1E97C63B74}.Release|x86.Build.0 = Release|Any CPU
		{48745F56-5BA0-41C3-8509-37D0329DB581}.Debug|Any CPU.ActiveCfg = Debug|Any CPU
		{48745F56-5BA0-41C3-8509-37D0329DB581}.Debug|Any CPU.Build.0 = Debug|Any CPU
		{48745F56-5BA0-41C3-8509-37D0329DB581}.Debug|x86.ActiveCfg = Debug|Any CPU
		{48745F56-5BA0-41C3-8509-37D0329DB581}.Debug|x86.Build.0 = Debug|Any CPU
		{48745F56-5BA0-41C3-8509-37D0329DB581}.Release|Any CPU.ActiveCfg = Release|Any CPU
		{48745F56-5BA0-41C3-8509-37D0329DB581}.Release|Any CPU.Build.0 = Release|Any CPU
		{48745F56-5BA0-41C3-8509-37D0329DB581}.Release|x86.ActiveCfg = Release|Any CPU
		{48745F56-5BA0-41C3-8509-37D0329DB581}.Release|x86.Build.0 = Release|Any CPU
	EndGlobalSection
	GlobalSection(SolutionProperties) = preSolution
		HideSolutionNode = FALSE
	EndGlobalSection
EndGlobal
